
Microsoft Visual Studio Solution File, Format Version 12.00
# Visual Studio Version 16
VisualStudioVersion = 16.0.32002.261
MinimumVisualStudioVersion = 10.0.40219.1
Project("{8BC9CEB8-8B4A-11D0-8D11-00A0C91BC942}") = "Arcture", "Arcture\Arcture.vcxproj", "{0B3BB9FF-75D2-41F9-857C-AF57FFEB286B}"
EndProject
Project("{8BC9CEB8-8B4A-11D0-8D11-00A0C91BC942}") = "libtest", "libtest\libtest.vcxproj", "{C3D3FEA1-AB60-42BE-9BEB-9971BEB57584}"
EndProject
Project("{8BC9CEB8-8B4A-11D0-8D11-00A0C91BC942}") = "GLforArc", "GLforArc\GLforArc.vcxproj", "{76E07642-CA46-4EA5-BF83-05CC0BB9784E}"
EndProject
Global
	GlobalSection(SolutionConfigurationPlatforms) = preSolution
		Debug|x64 = Debug|x64
		Debug|x86 = Debug|x86
		only test debug|x64 = only test debug|x64
		only test debug|x86 = only test debug|x86
		Release|x64 = Release|x64
		Release|x86 = Release|x86
	EndGlobalSection
	GlobalSection(ProjectConfigurationPlatforms) = postSolution
		{0B3BB9FF-75D2-41F9-857C-AF57FFEB286B}.Debug|x64.ActiveCfg = Debug|x64
		{0B3BB9FF-75D2-41F9-857C-AF57FFEB286B}.Debug|x64.Build.0 = Debug|x64
		{0B3BB9FF-75D2-41F9-857C-AF57FFEB286B}.Debug|x86.ActiveCfg = Debug|Win32
		{0B3BB9FF-75D2-41F9-857C-AF57FFEB286B}.Debug|x86.Build.0 = Debug|Win32
		{0B3BB9FF-75D2-41F9-857C-AF57FFEB286B}.only test debug|x64.ActiveCfg = Release|x64
		{0B3BB9FF-75D2-41F9-857C-AF57FFEB286B}.only test debug|x64.Build.0 = Release|x64
		{0B3BB9FF-75D2-41F9-857C-AF57FFEB286B}.only test debug|x86.ActiveCfg = only test debug|Win32
		{0B3BB9FF-75D2-41F9-857C-AF57FFEB286B}.only test debug|x86.Build.0 = only test debug|Win32
		{0B3BB9FF-75D2-41F9-857C-AF57FFEB286B}.Release|x64.ActiveCfg = Release|x64
		{0B3BB9FF-75D2-41F9-857C-AF57FFEB286B}.Release|x64.Build.0 = Release|x64
		{0B3BB9FF-75D2-41F9-857C-AF57FFEB286B}.Release|x86.ActiveCfg = Release|Win32
		{0B3BB9FF-75D2-41F9-857C-AF57FFEB286B}.Release|x86.Build.0 = Release|Win32
		{C3D3FEA1-AB60-42BE-9BEB-9971BEB57584}.Debug|x64.ActiveCfg = Debug|x64
		{C3D3FEA1-AB60-42BE-9BEB-9971BEB57584}.Debug|x64.Build.0 = Debug|x64
		{C3D3FEA1-AB60-42BE-9BEB-9971BEB57584}.Debug|x86.ActiveCfg = Debug|Win32
		{C3D3FEA1-AB60-42BE-9BEB-9971BEB57584}.Debug|x86.Build.0 = Debug|Win32
		{C3D3FEA1-AB60-42BE-9BEB-9971BEB57584}.only test debug|x64.ActiveCfg = Debug|x64
		{C3D3FEA1-AB60-42BE-9BEB-9971BEB57584}.only test debug|x64.Build.0 = Debug|x64
		{C3D3FEA1-AB60-42BE-9BEB-9971BEB57584}.only test debug|x86.ActiveCfg = only test debug|Win32
		{C3D3FEA1-AB60-42BE-9BEB-9971BEB57584}.only test debug|x86.Build.0 = only test debug|Win32
		{C3D3FEA1-AB60-42BE-9BEB-9971BEB57584}.Release|x64.ActiveCfg = Release|x64
		{C3D3FEA1-AB60-42BE-9BEB-9971BEB57584}.Release|x64.Build.0 = Release|x64
		{C3D3FEA1-AB60-42BE-9BEB-9971BEB57584}.Release|x86.ActiveCfg = Release|Win32
		{C3D3FEA1-AB60-42BE-9BEB-9971BEB57584}.Release|x86.Build.0 = Release|Win32
		{76E07642-CA46-4EA5-BF83-05CC0BB9784E}.Debug|x64.ActiveCfg = Debug|x64
		{76E07642-CA46-4EA5-BF83-05CC0BB9784E}.Debug|x64.Build.0 = Debug|x64
		{76E07642-CA46-4EA5-BF83-05CC0BB9784E}.Debug|x86.ActiveCfg = Debug|Win32
		{76E07642-CA46-4EA5-BF83-05CC0BB9784E}.Debug|x86.Build.0 = Debug|Win32
		{76E07642-CA46-4EA5-BF83-05CC0BB9784E}.only test debug|x64.ActiveCfg = Release|x64
		{76E07642-CA46-4EA5-BF83-05CC0BB9784E}.only test debug|x64.Build.0 = Release|x64
		{76E07642-CA46-4EA5-BF83-05CC0BB9784E}.only test debug|x86.ActiveCfg = only test debug|Win32
		{76E07642-CA46-4EA5-BF83-05CC0BB9784E}.only test debug|x86.Build.0 = only test debug|Win32
		{76E07642-CA46-4EA5-BF83-05CC0BB9784E}.Release|x64.ActiveCfg = Release|x64
		{76E07642-CA46-4EA5-BF83-05CC0BB9784E}.Release|x64.Build.0 = Release|x64
		{76E07642-CA46-4EA5-BF83-05CC0BB9784E}.Release|x86.ActiveCfg = Release|Win32
		{76E07642-CA46-4EA5-BF83-05CC0BB9784E}.Release|x86.Build.0 = Release|Win32
	EndGlobalSection
	GlobalSection(SolutionProperties) = preSolution
		HideSolutionNode = FALSE
	EndGlobalSection
	GlobalSection(ExtensibilityGlobals) = postSolution
		SolutionGuid = {FCFE6A48-82A1-4498-97CF-BE304D0503A7}
	EndGlobalSection
EndGlobal
